
Microsoft Visual Studio Solution File, Format Version 12.00
# Visual Studio Version 17
VisualStudioVersion = 17.8.34408.163
MinimumVisualStudioVersion = 10.0.40219.1
Project("{FAE04EC0-301F-11D3-BF4B-00C04F79EFBC}") = "Module8_2", "Module8_2.csproj", "{035D4847-DBD9-4CAD-BCCD-3AB9E6AC49F4}"
EndProject
Global
	GlobalSection(SolutionConfigurationPlatforms) = preSolution
		Debug|Any CPU = Debug|Any CPU
		Release|Any CPU = Release|Any CPU
	EndGlobalSection
	GlobalSection(ProjectConfigurationPlatforms) = postSolution
		{035D4847-DBD9-4CAD-BCCD-3AB9E6AC49F4}.Debug|Any CPU.ActiveCfg = Debug|Any CPU
		{035D4847-DBD9-4CAD-BCCD-3AB9E6AC49F4}.Debug|Any CPU.Build.0 = Debug|Any CPU
		{035D4847-DBD9-4CAD-BCCD-3AB9E6AC49F4}.Release|Any CPU.ActiveCfg = Release|Any CPU
		{035D4847-DBD9-4CAD-BCCD-3AB9E6AC49F4}.Release|Any CPU.Build.0 = Release|Any CPU
	EndGlobalSection
	GlobalSection(SolutionProperties) = preSolution
		HideSolutionNode = FALSE
	EndGlobalSection
	GlobalSection(ExtensibilityGlobals) = postSolution
		SolutionGuid = {FD0E28D3-122D-4781-9ABA-922B9AB890B0}
	EndGlobalSection
EndGlobal
